
Microsoft Visual Studio Solution File, Format Version 12.00
# Visual Studio Version 16
VisualStudioVersion = 16.0.31229.75
MinimumVisualStudioVersion = 10.0.40219.1
Project("{8BC9CEB8-8B4A-11D0-8D11-00A0C91BC942}") = "Wings", "Wings\Wings.vcxproj", "{AB9B1C0E-2C55-4A3E-9848-6D60BFF8BCE7}"
EndProject
Global
	GlobalSection(SolutionConfigurationPlatforms) = preSolution
		Debug|x64 = Debug|x64
		Debug|x86 = Debug|x86
		Release|x64 = Release|x64
		Release|x86 = Release|x86
	EndGlobalSection
	GlobalSection(ProjectConfigurationPlatforms) = postSolution
		{AB9B1C0E-2C55-4A3E-9848-6D60BFF8BCE7}.Debug|x64.ActiveCfg = Debug|x64
		{AB9B1C0E-2C55-4A3E-9848-6D60BFF8BCE7}.Debug|x64.Build.0 = Debug|x64
		{AB9B1C0E-2C55-4A3E-9848-6D60BFF8BCE7}.Debug|x86.ActiveCfg = Debug|Win32
		{AB9B1C0E-2C55-4A3E-9848-6D60BFF8BCE7}.Debug|x86.Build.0 = Debug|Win32
		{AB9B1C0E-2C55-4A3E-9848-6D60BFF8BCE7}.Release|x64.ActiveCfg = Release|x64
		{AB9B1C0E-2C55-4A3E-9848-6D60BFF8BCE7}.Release|x64.Build.0 = Release|x64
		{AB9B1C0E-2C55-4A3E-9848-6D60BFF8BCE7}.Release|x86.ActiveCfg = Release|Win32
		{AB9B1C0E-2C55-4A3E-9848-6D60BFF8BCE7}.Release|x86.Build.0 = Release|Win32
	EndGlobalSection
	GlobalSection(SolutionProperties) = preSolution
		HideSolutionNode = FALSE
	EndGlobalSection
	GlobalSection(ExtensibilityGlobals) = postSolution
		SolutionGuid = {B680A3D6-3D6A-4BEF-A4F2-A08FA61F7DBC}
	EndGlobalSection
EndGlobal
